<?xml version="1.0" encoding="utf-8"?>
<Project ToolsVersion="4.0" xmlns="http://schemas.microsoft.com/developer/msbuild/2003">
  <ItemGroup>
    <Filter Include="Source Files">
      <UniqueIdentifier>{4FC737F1-C7A5-4376-A066-2A32D752A2FF}</UniqueIdentifier>
      <Extensions>cpp;c;cc;cxx;def;odl;idl;hpj;bat;asm;asmx</Extensions>
    </Filter>
    <Filter Include="Header Files">
      <UniqueIdentifier>{93995380-89BD-4b04-88EB-625FBE52EBFB}</UniqueIdentifier>
      <Extensions>h;hh;hpp;hxx;hm;inl;inc;ipp;xsd</Extensions>
    </Filter>
    <Filter Include="Resource Files">
      <UniqueIdentifier>{67DA6AB6-F800-4c08-8B7A-83BB121AAD01}</UniqueIdentifier>
      <Extensions>rc;ico;cur;bmp;dlg;rc2;rct;bin;rgs;gif;jpg;jpeg;jpe;resx;tiff;tif;png;wav;mfcribbon-ms</Extensions>
    </Filter>
    <Filter Include="Header Files\delta-includes">
      <UniqueIdentifier>{da0515bf-2ba6-41b7-862b-d048a192b7f4}</UniqueIdentifier>
    </Filter>
    <Filter Include="Header Files\game-objects">
      <UniqueIdentifier>{aaa9b4de-8cf7-4ef9-abd2-5a09e0bfdc83}</UniqueIdentifier>
    </Filter>
    <Filter Include="Source Files\game-objects">
      <UniqueIdentifier>{7293c1dd-2285-4414-9a92-5f8fd74f54a2}</UniqueIdentifier>
    </Filter>
    <Filter Include="Header Files\world">
      <UniqueIdentifier>{88928656-e5b0-4abd-adac-ba7bb77e5a09}</UniqueIdentifier>
    </Filter>
    <Filter Include="Source Files\world">
      <UniqueIdentifier>{733fc92a-54bc-40ff-ab1c-f11bd59f5c4b}</UniqueIdentifier>
    </Filter>
    <Filter Include="Header Files\ai">
      <UniqueIdentifier>{3e23d9fc-f3b7-495e-9346-b4292842639c}</UniqueIdentifier>
    </Filter>
    <Filter Include="Source Files\ai">
      <UniqueIdentifier>{adc0a760-50c9-4458-af65-75c93e1bf2e3}</UniqueIdentifier>
    </Filter>
    <Filter Include="Header Files\pathfinder">
      <UniqueIdentifier>{bfdd8c28-d790-44da-aea3-5f8fb7bf6aa0}</UniqueIdentifier>
    </Filter>
    <Filter Include="Source Files\pathfinder">
      <UniqueIdentifier>{a6aff917-c9d2-41c2-9ba2-94ff3a29fa1c}</UniqueIdentifier>
    </Filter>
    <Filter Include="Header Files\game-objects\npc-ant">
      <UniqueIdentifier>{accf3b21-cc42-410d-b09d-a0a6ec7fa5e4}</UniqueIdentifier>
    </Filter>
    <Filter Include="Source Files\game-objects\npc-ant">
      <UniqueIdentifier>{2c2b8e53-0063-435d-8399-cd0584b6dc87}</UniqueIdentifier>
    </Filter>
    <Filter Include="Header Files\utilities">
      <UniqueIdentifier>{9f34e7b9-f95f-41d8-9aac-62bf3f6dad67}</UniqueIdentifier>
    </Filter>
    <Filter Include="Source Files\utilities">
      <UniqueIdentifier>{459c88c2-c526-4d08-ae72-66aada74ef1f}</UniqueIdentifier>
    </Filter>
    <Filter Include="Header Files\assets">
      <UniqueIdentifier>{dd07e6a2-5ab5-4052-88b2-eda0f468775c}</UniqueIdentifier>
    </Filter>
    <Filter Include="Source Files\assets">
      <UniqueIdentifier>{024fa366-950d-4197-8f6d-6327cf763520}</UniqueIdentifier>
    </Filter>
    <Filter Include="Source Files\game-objects\food">
      <UniqueIdentifier>{a28a74ae-aa99-496a-9e8c-4272db1b8329}</UniqueIdentifier>
    </Filter>
    <Filter Include="Header Files\game-objects\food">
      <UniqueIdentifier>{52f54a0c-7572-4325-91a7-2869c64c4c66}</UniqueIdentifier>
    </Filter>
    <Filter Include="Header Files\game-objects\world-generation">
      <UniqueIdentifier>{810dc4a5-f45b-4e0c-a206-1a6c17e1aa6c}</UniqueIdentifier>
    </Filter>
    <Filter Include="Source Files\game-objects\world-generation">
      <UniqueIdentifier>{f51c0650-fcc5-48b4-a4e4-4c1508f19eac}</UniqueIdentifier>
    </Filter>
  </ItemGroup>
  <ItemGroup>
    <ClCompile Include="..\..\src\main.cpp">
      <Filter>Source Files</Filter>
    </ClCompile>
    <ClCompile Include="..\..\src\world.cpp">
      <Filter>Source Files\world</Filter>
    </ClCompile>
    <ClCompile Include="..\..\src\game_object.cpp">
      <Filter>Source Files\game-objects</Filter>
    </ClCompile>
    <ClCompile Include="..\..\src\ant_world.cpp">
      <Filter>Source Files</Filter>
    </ClCompile>
    <ClCompile Include="..\..\src\player.cpp">
      <Filter>Source Files\game-objects</Filter>
    </ClCompile>
    <ClCompile Include="..\..\src\insect.cpp">
      <Filter>Source Files\game-objects</Filter>
    </ClCompile>
    <ClCompile Include="..\..\src\hole.cpp">
      <Filter>Source Files\game-objects</Filter>
    </ClCompile>
    <ClCompile Include="..\..\src\realm.cpp">
      <Filter>Source Files\world</Filter>
    </ClCompile>
    <ClCompile Include="..\..\src\ai_state.cpp">
      <Filter>Source Files\ai</Filter>
    </ClCompile>
    <ClCompile Include="..\..\src\ai_state_machine.cpp">
      <Filter>Source Files\ai</Filter>
    </ClCompile>
    <ClCompile Include="..\..\src\pathfinder.cpp">
      <Filter>Source Files\pathfinder</Filter>
    </ClCompile>
    <ClCompile Include="..\..\src\npc_ant.cpp">
      <Filter>Source Files\game-objects\npc-ant</Filter>
    </ClCompile>
    <ClCompile Include="..\..\src\math.cpp">
      <Filter>Source Files\utilities</Filter>
    </ClCompile>
    <ClCompile Include="..\..\src\os_utilities.cpp">
      <Filter>Source Files\utilities</Filter>
    </ClCompile>
    <ClCompile Include="..\..\src\asset_loader.cpp">
      <Filter>Source Files\assets</Filter>
    </ClCompile>
    <ClCompile Include="..\..\src\food.cpp">
      <Filter>Source Files\game-objects\food</Filter>
    </ClCompile>
    <ClCompile Include="..\..\src\cookie.cpp">
      <Filter>Source Files\game-objects\food</Filter>
    </ClCompile>
    <ClCompile Include="..\..\src\mm.cpp">
      <Filter>Source Files\game-objects\food</Filter>
    </ClCompile>
    <ClCompile Include="..\..\src\food_spawner.cpp">
      <Filter>Source Files\game-objects\food</Filter>
    </ClCompile>
    <ClCompile Include="..\..\src\world_grid.cpp">
      <Filter>Source Files\game-objects\world-generation</Filter>
    </ClCompile>
    <ClCompile Include="..\..\include\world_fragment.cpp">
      <Filter>Source Files\game-objects\world-generation</Filter>
    </ClCompile>
    <ClCompile Include="..\..\src\biome.cpp">
      <Filter>Source Files\game-objects\world-generation</Filter>
    </ClCompile>
    <ClCompile Include="..\..\src\biomes.cpp">
      <Filter>Source Files\game-objects\world-generation</Filter>
    </ClCompile>
  </ItemGroup>
  <ItemGroup>
    <ClInclude Include="..\..\include\delta.h">
      <Filter>Header Files\delta-includes</Filter>
    </ClInclude>
    <ClInclude Include="..\..\include\game_object.h">
      <Filter>Header Files\game-objects</Filter>
    </ClInclude>
    <ClInclude Include="..\..\include\world.h">
      <Filter>Header Files\world</Filter>
    </ClInclude>
    <ClInclude Include="..\..\include\ant_world.h">
      <Filter>Header Files</Filter>
    </ClInclude>
    <ClInclude Include="..\..\include\player.h">
      <Filter>Header Files\game-objects</Filter>
    </ClInclude>
    <ClInclude Include="..\..\include\insect.h">
      <Filter>Header Files\game-objects</Filter>
    </ClInclude>
    <ClInclude Include="..\..\include\hole.h">
      <Filter>Header Files\game-objects</Filter>
    </ClInclude>
    <ClInclude Include="..\..\include\realm.h">
      <Filter>Header Files\world</Filter>
    </ClInclude>
    <ClInclude Include="..\..\include\ai_state_machine.h">
      <Filter>Header Files\ai</Filter>
    </ClInclude>
    <ClInclude Include="..\..\include\ai_state.h">
      <Filter>Header Files\ai</Filter>
    </ClInclude>
    <ClInclude Include="..\..\include\pathfinder.h">
      <Filter>Header Files\pathfinder</Filter>
    </ClInclude>
    <ClInclude Include="..\..\include\aabb.h">
      <Filter>Header Files\pathfinder</Filter>
    </ClInclude>
    <ClInclude Include="..\..\include\npc_ant.h">
      <Filter>Header Files\game-objects\npc-ant</Filter>
    </ClInclude>
    <ClInclude Include="..\..\include\math.h">
      <Filter>Header Files\utilities</Filter>
    </ClInclude>
    <ClInclude Include="..\..\include\os_utilities.h">
      <Filter>Header Files\utilities</Filter>
    </ClInclude>
    <ClInclude Include="..\..\include\asset_loader.h">
      <Filter>Header Files\assets</Filter>
    </ClInclude>
    <ClInclude Include="..\..\include\cookie.h">
      <Filter>Header Files\game-objects\food</Filter>
    </ClInclude>
    <ClInclude Include="..\..\include\food.h">
      <Filter>Header Files\game-objects\food</Filter>
    </ClInclude>
    <ClInclude Include="..\..\include\mm.h">
      <Filter>Header Files\game-objects\food</Filter>
    </ClInclude>
    <ClInclude Include="..\..\include\food_spawner.h">
      <Filter>Header Files\game-objects\food</Filter>
    </ClInclude>
    <ClInclude Include="..\..\include\world_grid.h">
      <Filter>Header Files\game-objects\world-generation</Filter>
    </ClInclude>
    <ClInclude Include="..\..\include\world_fragment.h">
      <Filter>Header Files\game-objects\world-generation</Filter>
    </ClInclude>
    <ClInclude Include="..\..\include\biome.h">
      <Filter>Header Files\game-objects\world-generation</Filter>
    </ClInclude>
    <ClInclude Include="..\..\include\biomes.h">
      <Filter>Header Files\game-objects\world-generation</Filter>
    </ClInclude>
  </ItemGroup>
</Project>