<?xml version="1.0" encoding="utf-8"?>
<Project ToolsVersion="4.0" xmlns="http://schemas.microsoft.com/developer/msbuild/2003">
  <ItemGroup>
    <Filter Include="Source Files">
      <UniqueIdentifier>{4FC737F1-C7A5-4376-A066-2A32D752A2FF}</UniqueIdentifier>
      <Extensions>cpp;c;cc;cxx;def;odl;idl;hpj;bat;asm;asmx</Extensions>
    </Filter>
    <Filter Include="Header Files">
      <UniqueIdentifier>{93995380-89BD-4b04-88EB-625FBE52EBFB}</UniqueIdentifier>
      <Extensions>h;hh;hpp;hxx;hm;inl;inc;ipp;xsd</Extensions>
    </Filter>
    <Filter Include="Resource Files">
      <UniqueIdentifier>{67DA6AB6-F800-4c08-8B7A-83BB121AAD01}</UniqueIdentifier>
      <Extensions>rc;ico;cur;bmp;dlg;rc2;rct;bin;rgs;gif;jpg;jpeg;jpe;resx;tiff;tif;png;wav;mfcribbon-ms</Extensions>
    </Filter>
    <Filter Include="Header Files\delta-includes">
      <UniqueIdentifier>{da0515bf-2ba6-41b7-862b-d048a192b7f4}</UniqueIdentifier>
    </Filter>
    <Filter Include="Header Files\game-objects">
      <UniqueIdentifier>{aaa9b4de-8cf7-4ef9-abd2-5a09e0bfdc83}</UniqueIdentifier>
    </Filter>
    <Filter Include="Source Files\game-objects">
      <UniqueIdentifier>{7293c1dd-2285-4414-9a92-5f8fd74f54a2}</UniqueIdentifier>
    </Filter>
    <Filter Include="Header Files\world">
      <UniqueIdentifier>{88928656-e5b0-4abd-adac-ba7bb77e5a09}</UniqueIdentifier>
    </Filter>
    <Filter Include="Source Files\world">
      <UniqueIdentifier>{733fc92a-54bc-40ff-ab1c-f11bd59f5c4b}</UniqueIdentifier>
    </Filter>
  </ItemGroup>
  <ItemGroup>
    <ClCompile Include="..\..\src\main.cpp">
      <Filter>Source Files</Filter>
    </ClCompile>
    <ClCompile Include="..\..\src\os_utilities.cpp">
      <Filter>Source Files</Filter>
    </ClCompile>
    <ClCompile Include="..\..\src\world.cpp">
      <Filter>Source Files\world</Filter>
    </ClCompile>
    <ClCompile Include="..\..\src\game_object.cpp">
      <Filter>Source Files\game-objects</Filter>
    </ClCompile>
    <ClCompile Include="..\..\src\ant_world.cpp">
      <Filter>Source Files</Filter>
    </ClCompile>
    <ClCompile Include="..\..\src\player.cpp">
      <Filter>Source Files\game-objects</Filter>
    </ClCompile>
    <ClCompile Include="..\..\src\insect.cpp">
      <Filter>Source Files\game-objects</Filter>
    </ClCompile>
    <ClCompile Include="..\..\src\leaf.cpp">
      <Filter>Source Files\game-objects</Filter>
    </ClCompile>
    <ClCompile Include="..\..\src\hole.cpp">
      <Filter>Source Files\game-objects</Filter>
    </ClCompile>
    <ClCompile Include="..\..\src\realm.cpp">
      <Filter>Source Files\world</Filter>
    </ClCompile>
  </ItemGroup>
  <ItemGroup>
    <ClInclude Include="..\..\include\delta.h">
      <Filter>Header Files\delta-includes</Filter>
    </ClInclude>
    <ClInclude Include="..\..\include\os_utilities.h">
      <Filter>Header Files</Filter>
    </ClInclude>
    <ClInclude Include="..\..\include\game_object.h">
      <Filter>Header Files\game-objects</Filter>
    </ClInclude>
    <ClInclude Include="..\..\include\world.h">
      <Filter>Header Files\world</Filter>
    </ClInclude>
    <ClInclude Include="..\..\include\ant_world.h">
      <Filter>Header Files</Filter>
    </ClInclude>
    <ClInclude Include="..\..\include\player.h">
      <Filter>Header Files\game-objects</Filter>
    </ClInclude>
    <ClInclude Include="..\..\include\insect.h">
      <Filter>Header Files\game-objects</Filter>
    </ClInclude>
    <ClInclude Include="..\..\include\leaf.h">
      <Filter>Header Files\game-objects</Filter>
    </ClInclude>
    <ClInclude Include="..\..\include\hole.h">
      <Filter>Header Files\game-objects</Filter>
    </ClInclude>
    <ClInclude Include="..\..\include\realm.h">
      <Filter>Header Files\world</Filter>
    </ClInclude>
  </ItemGroup>
</Project>